# This file was autogenerated by Stack.
# You should not edit this file by hand.
# For more information, please see the documentation at:
#   https://docs.haskellstack.org/en/stable/lock_files

packages:
- completed:
    hackage: relude-0.7.0.0@sha256:09b7eead4ee71a3a411cef392f9b84afbd0fdc100a3efb54a5e854649417e48d,10948
    pantry-tree:
      size: 4249
      sha256: 22eae9cd3bdea7f1844cfdfc9366fb92570263dff1fb514ff4e4c1903d9b9ed5
  original:
    hackage: relude-0.7.0.0
- completed:
    hackage: QuickCheck-2.14.2@sha256:4ce29211223d5e6620ebceba34a3ca9ccf1c10c0cf387d48aea45599222ee5aa,7736
    pantry-tree:
      size: 2315
      sha256: 2fe423d0ed7cd64f0f165d708779f48814e66c4f181c568468134af55d86a5f8
  original:
    hackage: QuickCheck-2.14.2
- completed:
    hackage: ansi-terminal-0.11@sha256:97470250c92aae14c4c810d7f664c532995ba8910e2ad797b29f22ad0d2d0194,3307
    pantry-tree:
      size: 1461
      sha256: 4098c4b8bb503fcf0730aedc8247a479d3e22fd1fe4c6b4b2b2b5da30bdfb713
  original:
    hackage: ansi-terminal-0.11
- completed:
    hackage: random-1.2.0@sha256:1e8140229d21489228aa79b820c23259f3c3a1b86e13e6f9c2ad0c48d86d1912,6094
    pantry-tree:
      size: 1259
      sha256: 20fadca2f3ea21eafc87f0d516045a18c19348ef85303f5a5e85662a55975170
  original:
    hackage: random-1.2.0
- completed:
    hackage: splitmix-0.1@sha256:d50c4d0801a35be7875a040470c09863342514930c82a7d25780a6c2efc4fda9,5249
    pantry-tree:
      size: 1148
      sha256: 2c884d06818f79030551aab192eee23734fd499361f4f4dcb4c51d1b1b2d786e
  original:
    hackage: splitmix-0.1
- completed:
    hackage: colour-2.3.5@sha256:b27db0a3ad40d70bdbd8510a104269f8707592e80757a1abc66a22ba25e5a42f,1801
    pantry-tree:
      size: 1183
      sha256: ff0f5e24e9f669ceedfcae4d11fd6c68820bbaa2e07ab277368946e9b0f6f8a4
  original:
    hackage: colour-2.3.5
- completed:
    hackage: ncurses-0.2.16@sha256:8ad9fe6562a80d28166d76adbac1eb4d40c6511fe4e9272ed6e1166dc2f1cdf1,3575
    pantry-tree:
      size: 674
      sha256: 093bdc85ed518c81724f5b6b81c24ab4ebdd231551861f4feaa43361136f70b7
  original:
    hackage: ncurses-0.2.16
- completed:
    hackage: c2hs-0.28.6@sha256:47e402d4cd79204afb72d69c945bc5cf02f70d7f29ffe5aefc07343fd47743fe,9039
    pantry-tree:
      size: 16968
      sha256: db5ec67271554af6b43e7aabc7ce3937c83864d0aec73802c6d7a27c904fdd5e
  original:
    hackage: c2hs-0.28.6
- completed:
    hackage: dlist-1.0@sha256:124cb3aa1decebd5171b46601b1f74cca6cfae12d266ace3799b86dd05ef7cb4,3560
    pantry-tree:
      size: 953
      sha256: 8467afe9c94b2756e5703fed0950b51418bd877acbdd72e9dc3488b8f28f4e82
  original:
    hackage: dlist-1.0
- completed:
    hackage: language-c-0.8.3@sha256:144951cb86c54720a5031026de8070a84240b64479875ce9f69ef2e1851c07b8,4900
    pantry-tree:
      size: 3416
      sha256: 6c9445cdbf64a45a2fb8d27c4c85803e9d3b680677d1e23cc9e743aec69a3039
  original:
    hackage: language-c-0.8.3
- completed:
    hackage: alex-3.2.5@sha256:af0c4aac67849d8b35e8c16063517642a5c6b809d09fdb040ed9369f91cb26fb,4054
    pantry-tree:
      size: 5732
      sha256: fdfac077ffd006b5bb8102edb3187f2d2587d9cde1d94cd9852b5ee077d05add
  original:
    hackage: alex-3.2.5
- completed:
    hackage: happy-1.20.0@sha256:f99e612b29d68d784d7e193943a13466f0923de69452a2585081491efed0436b,5709
    pantry-tree:
      size: 8749
      sha256: a90122967031e2feb99adbbacf57ddf8627a7c0444720402513d3f11ec7f990a
  original:
    hackage: happy-1.20.0
- completed:
    hackage: syb-0.7.1@sha256:8d37b1e4d04a9aa8512dc6c2a06e02afc015a2fd3e735bdfeeacb5e2e853323c,2462
    pantry-tree:
      size: 3396
      sha256: efe0ac2f5d5a3c34125c2dd665521a626237f49aa8fa289bfeeabe951b8a30e0
  original:
    hackage: syb-0.7.1
- completed:
    hackage: iso8601-time-0.1.5@sha256:4b690a86f4948557c802b5298e07d9076ef4ea7142baaad20c9847a9030a8c40,1417
    pantry-tree:
      size: 226
      sha256: f300257ee1f19ac8db3624029515c6a65f0eb045fc36e21108dca12cfd29b4a0
  original:
    hackage: iso8601-time-0.1.5
- completed:
    hackage: time-1.9.3@sha256:8f1b5448722a12a952248b356c9eb366e351226543d9086a2da71270522d5f45,5679
    pantry-tree:
      size: 6558
      sha256: a1043c1719491764f0fa37a1fd70d9451080548a41632fee88d8e1b8db4942d6
  original:
    hackage: time-1.9.3
- completed:
    hackage: configurator-0.3.0.0@sha256:a96d4c52b93a4a7d5909421853964a26f1153f32f8c4f11f9e04b249653e4034,2653
    pantry-tree:
      size: 813
      sha256: 39a832225810dbde572ce161e5f76e980e9dec67e9e00f139e1c40db699a0255
  original:
    hackage: configurator-0.3.0.0
- completed:
    hackage: attoparsec-0.13.2.4@sha256:5941a05141a61239e8d6c4f2c9876bec3765d786766721b8474b8625febf914a,5796
    pantry-tree:
      size: 5231
      sha256: 623047a3f229b2cd082928f7d78c5cac15558504949e5999fad734eff820fa30
  original:
    hackage: attoparsec-0.13.2.4
- completed:
    hackage: hashable-1.3.0.0@sha256:4c70f1407881059e93550d3742191254296b2737b793a742bd901348fb3e1fb1,5206
    pantry-tree:
      size: 1521
      sha256: 84aba72926c33debd71fb9c670869d842025f8ea45ad10084289a34f0448250f
  original:
    hackage: hashable-1.3.0.0
- completed:
    hackage: unordered-containers-0.2.13.0@sha256:6310c636f92ed4908fdd0de582b6be31c2851c7b5f2ec14e9f416eb94df7a078,4978
    pantry-tree:
      size: 1388
      sha256: 0cdd70d603c621e2b184ff7baa232af8a88a01745710b975b97df63e92c700dd
  original:
    hackage: unordered-containers-0.2.13.0
- completed:
    hackage: scientific-0.3.6.2@sha256:dd49abc76bd8e2b57e7a057dc2bb742a00527b4bf9350f9374be03b5934e55d8,4679
    pantry-tree:
      size: 656
      sha256: d05b22ccd31ad7a4438d9217bf44771ac63c4eeb0acc9c624465044e5894766a
  original:
    hackage: scientific-0.3.6.2
- completed:
    hackage: integer-logarithms-1.0.3.1@sha256:888fb6c4fbd79ed2e8f8b94b61bccac25f7fab2b13b32b496e86828bc60b17cf,3184
    pantry-tree:
      size: 865
      sha256: 2acf4af718486ea69edd023edd333f836fdd52a07e2211677b5bf22d78da41db
  original:
    hackage: integer-logarithms-1.0.3.1
- completed:
    hackage: primitive-0.7.1.0@sha256:6a237bb338bcc43193077ff8e8c0f0ce2de14c652231496a15672e8b563a07e2,2604
    pantry-tree:
      size: 1376
      sha256: 924e88629b493abb6b2f3c3029cef076554a2b627091e3bb6887ec03487a707d
  original:
    hackage: primitive-0.7.1.0
- completed:
    hackage: text-1.2.4.0@sha256:8c24450feb8e3bbb7ea3e17af24ef57e85db077c4bf53e5bcc345b283d1b1d5b,10081
    pantry-tree:
      size: 7457
      sha256: 3437b0a73ce2ae1a81aa8b3438d41a85981c00894cdbee0d6d6d6873046a5d5d
  original:
    hackage: text-1.2.4.0
- completed:
    hackage: fast-logger-3.0.2@sha256:03b74f5eeec0ac10d33ba23ac33d78f6f5450141fd45c17cb763003293ef35f8,2378
    pantry-tree:
      size: 1148
      sha256: 4f44fa01d9f6f40cd2de5012c6904df962fe90397b58c87c71c6ee49cc335c0d
  original:
    hackage: fast-logger-3.0.2
- completed:
    hackage: auto-update-0.1.6@sha256:10adca282e131a2fa01fb7a411b02811685c1cea02e9813df2d7fb468b5ef638,1373
    pantry-tree:
      size: 828
      sha256: 5e27352ca8e89e569204445b3f7be4951afbcd10cbac701ece75d2070cbed130
  original:
    hackage: auto-update-0.1.6
- completed:
    hackage: easy-file-0.2.2@sha256:72303120495a9fed82276a7987434361edd6dfecafad241d7c6c03b68e4801e5,1048
    pantry-tree:
      size: 417
      sha256: 218acf3e0001825c43d70948e42a7b702de342fa34eab6fd41dd035a2f6ce8cf
  original:
    hackage: easy-file-0.2.2
- completed:
    hackage: unix-compat-0.5.2@sha256:5508ebcfaf1a862886cd217178e283d613d47803785d8ab4a3bd2bb9b542a3fb,2041
    pantry-tree:
      size: 1045
      sha256: a49f0f7f11fc5715b5a71a36126bd73686b2f4cad12862633d062775bcd4f680
  original:
    hackage: unix-compat-0.5.2
- completed:
    hackage: unix-time-0.4.7@sha256:c0d971d04561875b908451c563df8728fe6d8639c90e070b244227f13f76ab8e,2570
    pantry-tree:
      size: 1073
      sha256: bc28cbe467d99caa6399e7cd85cf33548776bbd2c1e91369fe10268c9de546e6
  original:
    hackage: unix-time-0.4.7
- completed:
    hackage: old-time-1.1.0.3@sha256:c91fbb3ee73d20ccd015842b30f1f29a304893ebe0ae3128b7bbc13d5bb0d4c8,1328
    pantry-tree:
      size: 810
      sha256: 890bbbdf4175a409efd7c7c9fe153b71680e33bebeb74c9351d7d9d3a59d3d0e
  original:
    hackage: old-time-1.1.0.3
- completed:
    hackage: old-locale-1.0.0.7@sha256:fa998be2c7e00cd26a6e9075bea790caaf3932caa3e9497ad69bc20380dd6911,1071
    pantry-tree:
      size: 263
      sha256: 462ef15cb35164d585aa3860f717c9685fbf05578330490860abd544381d2e24
  original:
    hackage: old-locale-1.0.0.7
- completed:
    hackage: bytestring-0.10.12.0@sha256:3756939e46a9adb9cd5654442e7a44f53d0ad94fca8a9ad7029cc28fa6b0a081,6070
    pantry-tree:
      size: 2140
      sha256: 4e979f335e85ccb677f171f1e8e4d1139c8bc4e3ace7fb1fdf9bdffe9b0d9287
  original:
    hackage: bytestring-0.10.12.0
- completed:
    hackage: directory-1.3.6.1@sha256:3dc9c69c8e09ec95a7a45c6d06abe0f0d2f604439c37e5f88e5a6c335b088d71,2810
    pantry-tree:
      size: 3433
      sha256: 9247d0e7cfbf9946b922d23bd56a6b765cdb91f71d72f8ae6ed22c94dbd9f1db
  original:
    hackage: directory-1.3.6.1
- completed:
    hackage: process-1.6.10.0@sha256:c0d2d8adaca7cea7ceaa60e67b61c775dc03727b83bdb1c97aa8cbeac9f5dd84,2469
    pantry-tree:
      size: 1211
      sha256: 6e90778b5105753d7de0f7a0c502dadf8f04825f17a36186aa801e56ef7ca206
  original:
    hackage: process-1.6.10.0
- completed:
    hackage: unix-2.7.2.2@sha256:55d8af3f25d2a92c86951a2d8fc47aebe80015a895c4f0e57320cfdae78dd7c1,3496
    pantry-tree:
      size: 3536
      sha256: e816eca2bf42fda4da49c744b146a301ae0435380cc163ad2fbc889cf0a4e27f
  original:
    hackage: unix-2.7.2.2
- completed:
    hackage: binary-0.8.8.0@sha256:e9387a7ef2b34c6a23b09664c306e37cc01ae2cb4e4511a1c96ffb14008c24b0,6262
    pantry-tree:
      size: 1976
      sha256: 271cd1e75af293fc25a489d860f094dc635a4ed8b56aa5b343c58f4637736ca3
  original:
    hackage: binary-0.8.8.0
snapshots: []
